
Microsoft Visual Studio Solution File, Format Version 12.00
# Visual Studio Version 17
VisualStudioVersion = 17.11.35208.52
MinimumVisualStudioVersion = 10.0.40219.1
Project("{FAE04EC0-301F-11D3-BF4B-00C04F79EFBC}") = "taborok", "taborok\taborok.csproj", "{4546881D-37D6-4C4B-8CFB-6FCD10FC940F}"
EndProject
Global
	GlobalSection(SolutionConfigurationPlatforms) = preSolution
		Debug|Any CPU = Debug|Any CPU
		Release|Any CPU = Release|Any CPU
	EndGlobalSection
	GlobalSection(ProjectConfigurationPlatforms) = postSolution
		{4546881D-37D6-4C4B-8CFB-6FCD10FC940F}.Debug|Any CPU.ActiveCfg = Debug|Any CPU
		{4546881D-37D6-4C4B-8CFB-6FCD10FC940F}.Debug|Any CPU.Build.0 = Debug|Any CPU
		{4546881D-37D6-4C4B-8CFB-6FCD10FC940F}.Release|Any CPU.ActiveCfg = Release|Any CPU
		{4546881D-37D6-4C4B-8CFB-6FCD10FC940F}.Release|Any CPU.Build.0 = Release|Any CPU
	EndGlobalSection
	GlobalSection(SolutionProperties) = preSolution
		HideSolutionNode = FALSE
	EndGlobalSection
	GlobalSection(ExtensibilityGlobals) = postSolution
		SolutionGuid = {D8F82F51-0B4F-493B-AB32-D45A5D537D71}
	EndGlobalSection
EndGlobal
